{
  "originHash" : "66b798750aef58a5cd3ca265dec7fcca5c6a8b0dec0b431ed4edd09a8d288334",
  "pins" : [
    {
      "identity" : "keyboardshortcuts",
      "kind" : "remoteSourceControl",
      "location" : "https://github.com/sindresorhus/KeyboardShortcuts",
      "state" : {
        "revision" : "49c3fc04ea827f816df67843bfcc57286b47ff06",
        "version" : "3.0.1"
      }
    },
    {
      "identity" : "posthog-ios",
      "kind" : "remoteSourceControl",
      "location" : "https://github.com/PostHog/posthog-ios",
      "state" : {
        "revision" : "f271e65b58ad5286df38ce4d759ceb6f8db13c5b",
        "version" : "3.69.3"
      }
    }
  ],
  "version" : 3
}
