{
  "originHash" : "878abf48f50f90928357ec413b12b1cdd2a30f2049bb6f44c5201ddedc74917c",
  "pins" : [
    {
      "identity" : "keyboardshortcuts",
      "kind" : "remoteSourceControl",
      "location" : "https://github.com/sindresorhus/KeyboardShortcuts",
      "state" : {
        "revision" : "1aef85578fdd4f9eaeeb8d53b7b4fc31bf08fe27",
        "version" : "2.4.0"
      }
    },
    {
      "identity" : "posthog-ios",
      "kind" : "remoteSourceControl",
      "location" : "https://github.com/PostHog/posthog-ios",
      "state" : {
        "revision" : "19288ee2f0575606b4669b2abadda2c9db97c529",
        "version" : "3.66.1"
      }
    }
  ],
  "version" : 3
}
